{
  "lockfile_version": "1",
  "packages": {
    "curl@latest": {
      "last_modified": "2025-03-01T01:09:10Z",
      "resolved": "github:NixOS/nixpkgs/199169a2135e6b864a888e89a2ace345703c025d#curl",
      "source": "devbox-search",
      "version": "8.12.0",
      "systems": {
        "aarch64-darwin": {
          "outputs": [
            {
              "name": "bin",
              "path": "/nix/store/9myjd1zdkkax5jc3f3229j442miaq7kj-curl-8.12.0-bin",
              "default": true
            },
            {
              "name": "man",
              "path": "/nix/store/p28rf5q9r38zjmrri672y5simy393wsj-curl-8.12.0-man",
              "default": true
            },
            {
              "name": "dev",
              "path": "/nix/store/csqw5yhj3zpg03vqxlncw3c28kf8x1zs-curl-8.12.0-dev"
            },
            {
              "name": "devdoc",
              "path": "/nix/store/qwgrhvxfpipy422d60k8k5w56cmgqb9x-curl-8.12.0-devdoc"
            },
            {
              "name": "out",
              "path": "/nix/store/wb9nfblv2jnil545kphk5lvslfq1g3b8-curl-8.12.0"
            }
          ],
          "store_path": "/nix/store/9myjd1zdkkax5jc3f3229j442miaq7kj-curl-8.12.0-bin"
        },
        "aarch64-linux": {
          "outputs": [
            {
              "name": "bin",
              "path": "/nix/store/fl6kcwnyls1vqcnbb87n021dfad7n7sc-curl-8.12.0-bin",
              "default": true
            },
            {
              "name": "man",
              "path": "/nix/store/38mms36gmk6gwjanhd6kpfxh1lkjhqpa-curl-8.12.0-man",
              "default": true
            },
            {
              "name": "out",
              "path": "/nix/store/hifg644pihcpysmyhng1szck9ml5zily-curl-8.12.0"
            },
            {
              "name": "debug",
              "path": "/nix/store/w5ialygvxmmj65zrlzdj68rsc6zbxr9g-curl-8.12.0-debug"
            },
            {
              "name": "dev",
              "path": "/nix/store/hklf3asvj79ydqqdfpmax1ppcdm5ikj8-curl-8.12.0-dev"
            },
            {
              "name": "devdoc",
              "path": "/nix/store/1cjg5qd88ia6fv8nb9s1x0fppmz01dvy-curl-8.12.0-devdoc"
            }
          ],
          "store_path": "/nix/store/fl6kcwnyls1vqcnbb87n021dfad7n7sc-curl-8.12.0-bin"
        },
        "x86_64-darwin": {
          "outputs": [
            {
              "name": "bin",
              "path": "/nix/store/lj6gw1acr0669krygpccm1dphsh1mj71-curl-8.12.0-bin",
              "default": true
            },
            {
              "name": "man",
              "path": "/nix/store/vwqh8i5iv2n0g55pbkkqf77af6lydiv3-curl-8.12.0-man",
              "default": true
            },
            {
              "name": "out",
              "path": "/nix/store/0fa623i9pja3mvqd1vid5dhc4daz0r45-curl-8.12.0"
            },
            {
              "name": "dev",
              "path": "/nix/store/gczdlrihh9l93a1hwc7zsw3pydffaw9b-curl-8.12.0-dev"
            },
            {
              "name": "devdoc",
              "path": "/nix/store/pwjzxpsk1w87hfbysjb2zvvx5gkklmlh-curl-8.12.0-devdoc"
            }
          ],
          "store_path": "/nix/store/lj6gw1acr0669krygpccm1dphsh1mj71-curl-8.12.0-bin"
        },
        "x86_64-linux": {
          "outputs": [
            {
              "name": "bin",
              "path": "/nix/store/ms1vcpk06m5szgr1lyraasjimml78v6z-curl-8.12.0-bin",
              "default": true
            },
            {
              "name": "man",
              "path": "/nix/store/wx5qzp42x0fsqwyvf178yk9w4wfx2shc-curl-8.12.0-man",
              "default": true
            },
            {
              "name": "dev",
              "path": "/nix/store/qj3l9cxfj8hwib1496af23aclj52xabk-curl-8.12.0-dev"
            },
            {
              "name": "devdoc",
              "path": "/nix/store/avav4ics90xrg1fw8gi5xkir762qz1dk-curl-8.12.0-devdoc"
            },
            {
              "name": "out",
              "path": "/nix/store/simdgzgxrcqkvak7zpczr176rgbar3s5-curl-8.12.0"
            },
            {
              "name": "debug",
              "path": "/nix/store/6zy2wa0g1vjk9h7pzypg2648rzdmmsi4-curl-8.12.0-debug"
            }
          ],
          "store_path": "/nix/store/ms1vcpk06m5szgr1lyraasjimml78v6z-curl-8.12.0-bin"
        }
      }
    },
    "gh@latest": {
      "last_modified": "2025-02-13T04:03:32Z",
      "resolved": "github:NixOS/nixpkgs/2d55b4c1531187926c2a423f6940b3b1301399b5#gh",
      "source": "devbox-search",
      "version": "2.67.0",
      "systems": {
        "aarch64-darwin": {
          "outputs": [
            {
              "name": "out",
              "path": "/nix/store/9n2f576hng76zzhx308qxjzw6g4npgnh-gh-2.67.0",
              "default": true
            }
          ],
          "store_path": "/nix/store/9n2f576hng76zzhx308qxjzw6g4npgnh-gh-2.67.0"
        },
        "aarch64-linux": {
          "outputs": [
            {
              "name": "out",
              "path": "/nix/store/wbb60p6ijhrajrnaz45v66gjp5wsb503-gh-2.67.0",
              "default": true
            }
          ],
          "store_path": "/nix/store/wbb60p6ijhrajrnaz45v66gjp5wsb503-gh-2.67.0"
        },
        "x86_64-darwin": {
          "outputs": [
            {
              "name": "out",
              "path": "/nix/store/psbp4wp18fmnynd24yklwv30465f7wwk-gh-2.67.0",
              "default": true
            }
          ],
          "store_path": "/nix/store/psbp4wp18fmnynd24yklwv30465f7wwk-gh-2.67.0"
        },
        "x86_64-linux": {
          "outputs": [
            {
              "name": "out",
              "path": "/nix/store/6zxliiicnw366ma37132lqd9hcwxs1ic-gh-2.67.0",
              "default": true
            }
          ],
          "store_path": "/nix/store/6zxliiicnw366ma37132lqd9hcwxs1ic-gh-2.67.0"
        }
      }
    },
    "github:NixOS/nixpkgs/nixpkgs-unstable": {
      "resolved": "github:NixOS/nixpkgs/573c650e8a14b2faa0041645ab18aed7e60f0c9a?lastModified=1741865919&narHash=sha256-4thdbnP6dlbdq%2BqZWTsm4ffAwoS8Tiq1YResB%2BRP6WE%3D"
    },
    "go-task@latest": {
      "last_modified": "2025-02-07T11:26:36Z",
      "resolved": "github:NixOS/nixpkgs/d98abf5cf5914e5e4e9d57205e3af55ca90ffc1d#go-task",
      "source": "devbox-search",
      "version": "3.41.0",
      "systems": {
        "aarch64-darwin": {
          "outputs": [
            {
              "name": "out",
              "path": "/nix/store/m0zc229zl4nfi9800dvxikyp31davmgl-go-task-3.41.0",
              "default": true
            }
          ],
          "store_path": "/nix/store/m0zc229zl4nfi9800dvxikyp31davmgl-go-task-3.41.0"
        },
        "aarch64-linux": {
          "outputs": [
            {
              "name": "out",
              "path": "/nix/store/3yg6irq9bdr34krjp0nbrrpd8gzfr4ag-go-task-3.41.0",
              "default": true
            }
          ],
          "store_path": "/nix/store/3yg6irq9bdr34krjp0nbrrpd8gzfr4ag-go-task-3.41.0"
        },
        "x86_64-darwin": {
          "outputs": [
            {
              "name": "out",
              "path": "/nix/store/slgvld5bfxl4caqi5jwwd583ay12cikj-go-task-3.41.0",
              "default": true
            }
          ],
          "store_path": "/nix/store/slgvld5bfxl4caqi5jwwd583ay12cikj-go-task-3.41.0"
        },
        "x86_64-linux": {
          "outputs": [
            {
              "name": "out",
              "path": "/nix/store/jn35gb9isnqzr9mfwhmig40c6iflmadz-go-task-3.41.0",
              "default": true
            }
          ],
          "store_path": "/nix/store/jn35gb9isnqzr9mfwhmig40c6iflmadz-go-task-3.41.0"
        }
      }
    },
    "go@1.23.4": {
      "last_modified": "2025-01-19T08:16:51Z",
      "resolved": "github:NixOS/nixpkgs/50165c4f7eb48ce82bd063e1fb8047a0f515f8ce#go",
      "source": "devbox-search",
      "version": "1.23.4",
      "systems": {
        "aarch64-darwin": {
          "outputs": [
            {
              "name": "out",
              "path": "/nix/store/lg7l1czmd5hqwwhjszprdz342q98zmkw-go-1.23.4",
              "default": true
            }
          ],
          "store_path": "/nix/store/lg7l1czmd5hqwwhjszprdz342q98zmkw-go-1.23.4"
        },
        "aarch64-linux": {
          "outputs": [
            {
              "name": "out",
              "path": "/nix/store/2x7k6yj9z37s3d3x5j3kkz6bcak8k9qr-go-1.23.4",
              "default": true
            }
          ],
          "store_path": "/nix/store/2x7k6yj9z37s3d3x5j3kkz6bcak8k9qr-go-1.23.4"
        },
        "x86_64-darwin": {
          "outputs": [
            {
              "name": "out",
              "path": "/nix/store/8x0ag0v37rfy9z58a8yy3hakj3dzdr9c-go-1.23.4",
              "default": true
            }
          ],
          "store_path": "/nix/store/8x0ag0v37rfy9z58a8yy3hakj3dzdr9c-go-1.23.4"
        },
        "x86_64-linux": {
          "outputs": [
            {
              "name": "out",
              "path": "/nix/store/0b6vsy4fa4i4qpk1011hi6251nwdg5y8-go-1.23.4",
              "default": true
            }
          ],
          "store_path": "/nix/store/0b6vsy4fa4i4qpk1011hi6251nwdg5y8-go-1.23.4"
        }
      }
    },
    "gofumpt@latest": {
      "last_modified": "2025-02-23T09:42:26Z",
      "resolved": "github:NixOS/nixpkgs/2d068ae5c6516b2d04562de50a58c682540de9bf#gofumpt",
      "source": "devbox-search",
      "version": "0.7.0",
      "systems": {
        "aarch64-darwin": {
          "outputs": [
            {
              "name": "out",
              "path": "/nix/store/q6xv4w3fxp0zgrgzahlgbppzhrc9zgs5-gofumpt-0.7.0",
              "default": true
            }
          ],
          "store_path": "/nix/store/q6xv4w3fxp0zgrgzahlgbppzhrc9zgs5-gofumpt-0.7.0"
        },
        "aarch64-linux": {
          "outputs": [
            {
              "name": "out",
              "path": "/nix/store/6k117ys4vrd1699a6168smbz1i2ka8s0-gofumpt-0.7.0",
              "default": true
            }
          ],
          "store_path": "/nix/store/6k117ys4vrd1699a6168smbz1i2ka8s0-gofumpt-0.7.0"
        },
        "x86_64-darwin": {
          "outputs": [
            {
              "name": "out",
              "path": "/nix/store/08k254mr11ffryvv42n29nvhmkcxmnql-gofumpt-0.7.0",
              "default": true
            }
          ],
          "store_path": "/nix/store/08k254mr11ffryvv42n29nvhmkcxmnql-gofumpt-0.7.0"
        },
        "x86_64-linux": {
          "outputs": [
            {
              "name": "out",
              "path": "/nix/store/m64p14qm2xr45a36g6c4p1isw340am77-gofumpt-0.7.0",
              "default": true
            }
          ],
          "store_path": "/nix/store/m64p14qm2xr45a36g6c4p1isw340am77-gofumpt-0.7.0"
        }
      }
    },
    "golangci-lint@1.63.4": {
      "last_modified": "2025-02-07T11:26:36Z",
      "resolved": "github:NixOS/nixpkgs/d98abf5cf5914e5e4e9d57205e3af55ca90ffc1d#golangci-lint",
      "source": "devbox-search",
      "version": "1.63.4",
      "systems": {
        "aarch64-darwin": {
          "outputs": [
            {
              "name": "out",
              "path": "/nix/store/mhd101l8p4cim0ac7w6g5q0vd44zjl6b-golangci-lint-1.63.4",
              "default": true
            }
          ],
          "store_path": "/nix/store/mhd101l8p4cim0ac7w6g5q0vd44zjl6b-golangci-lint-1.63.4"
        },
        "aarch64-linux": {
          "outputs": [
            {
              "name": "out",
              "path": "/nix/store/nnkfa1x72m7g0z6anjqyzlich6x58ywj-golangci-lint-1.63.4",
              "default": true
            }
          ],
          "store_path": "/nix/store/nnkfa1x72m7g0z6anjqyzlich6x58ywj-golangci-lint-1.63.4"
        },
        "x86_64-darwin": {
          "outputs": [
            {
              "name": "out",
              "path": "/nix/store/gpf1pmzzkr12ibzqz3hqrw2hbzqkggcl-golangci-lint-1.63.4",
              "default": true
            }
          ],
          "store_path": "/nix/store/gpf1pmzzkr12ibzqz3hqrw2hbzqkggcl-golangci-lint-1.63.4"
        },
        "x86_64-linux": {
          "outputs": [
            {
              "name": "out",
              "path": "/nix/store/jdqir4ijb6msmlwxzg0zbv8aiiizj6fv-golangci-lint-1.63.4",
              "default": true
            }
          ],
          "store_path": "/nix/store/jdqir4ijb6msmlwxzg0zbv8aiiizj6fv-golangci-lint-1.63.4"
        }
      }
    },
    "golines@latest": {
      "last_modified": "2025-02-07T11:26:36Z",
      "resolved": "github:NixOS/nixpkgs/d98abf5cf5914e5e4e9d57205e3af55ca90ffc1d#golines",
      "source": "devbox-search",
      "version": "0.12.2",
      "systems": {
        "aarch64-darwin": {
          "outputs": [
            {
              "name": "out",
              "path": "/nix/store/0183j0kva6250dx975s7qsxz4990m525-golines-0.12.2",
              "default": true
            }
          ],
          "store_path": "/nix/store/0183j0kva6250dx975s7qsxz4990m525-golines-0.12.2"
        },
        "aarch64-linux": {
          "outputs": [
            {
              "name": "out",
              "path": "/nix/store/kb36pm6l9zm8ib36yjx9hijs68pl3d2i-golines-0.12.2",
              "default": true
            }
          ],
          "store_path": "/nix/store/kb36pm6l9zm8ib36yjx9hijs68pl3d2i-golines-0.12.2"
        },
        "x86_64-darwin": {
          "outputs": [
            {
              "name": "out",
              "path": "/nix/store/k3wyarhab4jsndak4mvr1x8ksxciadpm-golines-0.12.2",
              "default": true
            }
          ],
          "store_path": "/nix/store/k3wyarhab4jsndak4mvr1x8ksxciadpm-golines-0.12.2"
        },
        "x86_64-linux": {
          "outputs": [
            {
              "name": "out",
              "path": "/nix/store/92k5729rwjphdq51rclschpdkrh4j0rz-golines-0.12.2",
              "default": true
            }
          ],
          "store_path": "/nix/store/92k5729rwjphdq51rclschpdkrh4j0rz-golines-0.12.2"
        }
      }
    }
  }
}
