{
  "lockfile_version": "1",
  "packages": {
    "go-task@latest": {
      "last_modified": "2025-01-19T08:16:51Z",
      "resolved": "github:NixOS/nixpkgs/50165c4f7eb48ce82bd063e1fb8047a0f515f8ce#go-task",
      "source": "devbox-search",
      "version": "3.41.0",
      "systems": {
        "aarch64-darwin": {
          "outputs": [
            {
              "name": "out",
              "path": "/nix/store/v4vvksxrgyxdyhb1hvvap5sqp4ycl7xv-go-task-3.41.0",
              "default": true
            }
          ],
          "store_path": "/nix/store/v4vvksxrgyxdyhb1hvvap5sqp4ycl7xv-go-task-3.41.0"
        },
        "aarch64-linux": {
          "outputs": [
            {
              "name": "out",
              "path": "/nix/store/iq7vnz78z8ff1px700ra1j4iinfsvhjg-go-task-3.41.0",
              "default": true
            }
          ],
          "store_path": "/nix/store/iq7vnz78z8ff1px700ra1j4iinfsvhjg-go-task-3.41.0"
        },
        "x86_64-darwin": {
          "outputs": [
            {
              "name": "out",
              "path": "/nix/store/bf1zwbad0cqwhpcjylynpx18c8ylm6nx-go-task-3.41.0",
              "default": true
            }
          ],
          "store_path": "/nix/store/bf1zwbad0cqwhpcjylynpx18c8ylm6nx-go-task-3.41.0"
        },
        "x86_64-linux": {
          "outputs": [
            {
              "name": "out",
              "path": "/nix/store/cbz45j0wbsp929rd8381ifbiqxy7jp71-go-task-3.41.0",
              "default": true
            }
          ],
          "store_path": "/nix/store/cbz45j0wbsp929rd8381ifbiqxy7jp71-go-task-3.41.0"
        }
      }
    },
    "go@1.19": {
      "last_modified": "2024-01-27T14:55:31Z",
      "resolved": "github:NixOS/nixpkgs/160b762eda6d139ac10ae081f8f78d640dd523eb#go_1_19",
      "source": "devbox-search",
      "version": "1.19.13",
      "systems": {
        "aarch64-darwin": {
          "outputs": [
            {
              "name": "out",
              "path": "/nix/store/2llf3dn2m48q6cral32bd8mk1g5pa48d-go-1.19.13",
              "default": true
            }
          ],
          "store_path": "/nix/store/2llf3dn2m48q6cral32bd8mk1g5pa48d-go-1.19.13"
        },
        "aarch64-linux": {
          "outputs": [
            {
              "name": "out",
              "path": "/nix/store/5fysyzw0baj5kprrf94iz0p733c4b5w1-go-1.19.13",
              "default": true
            }
          ],
          "store_path": "/nix/store/5fysyzw0baj5kprrf94iz0p733c4b5w1-go-1.19.13"
        },
        "x86_64-darwin": {
          "outputs": [
            {
              "name": "out",
              "path": "/nix/store/4zq38z7s23nn9pyibb4qkyb90bna9prr-go-1.19.13",
              "default": true
            }
          ],
          "store_path": "/nix/store/4zq38z7s23nn9pyibb4qkyb90bna9prr-go-1.19.13"
        },
        "x86_64-linux": {
          "outputs": [
            {
              "name": "out",
              "path": "/nix/store/ra7zh0hq3gzw7pdmb3ixvr5zd6h8qc9h-go-1.19.13",
              "default": true
            }
          ],
          "store_path": "/nix/store/ra7zh0hq3gzw7pdmb3ixvr5zd6h8qc9h-go-1.19.13"
        }
      }
    },
    "gofumpt@latest": {
      "last_modified": "2025-01-19T08:16:51Z",
      "resolved": "github:NixOS/nixpkgs/50165c4f7eb48ce82bd063e1fb8047a0f515f8ce#gofumpt",
      "source": "devbox-search",
      "version": "0.7.0",
      "systems": {
        "aarch64-darwin": {
          "outputs": [
            {
              "name": "out",
              "path": "/nix/store/nvipsp6sdl4z4ayfz2csja78admp7hh3-gofumpt-0.7.0",
              "default": true
            }
          ],
          "store_path": "/nix/store/nvipsp6sdl4z4ayfz2csja78admp7hh3-gofumpt-0.7.0"
        },
        "aarch64-linux": {
          "outputs": [
            {
              "name": "out",
              "path": "/nix/store/5pmc8wbhd00z4s5qwipmhxnmldg7glzr-gofumpt-0.7.0",
              "default": true
            }
          ],
          "store_path": "/nix/store/5pmc8wbhd00z4s5qwipmhxnmldg7glzr-gofumpt-0.7.0"
        },
        "x86_64-darwin": {
          "outputs": [
            {
              "name": "out",
              "path": "/nix/store/vg38xm3d1rp1qij1m5cc28b4yx3z0in4-gofumpt-0.7.0",
              "default": true
            }
          ],
          "store_path": "/nix/store/vg38xm3d1rp1qij1m5cc28b4yx3z0in4-gofumpt-0.7.0"
        },
        "x86_64-linux": {
          "outputs": [
            {
              "name": "out",
              "path": "/nix/store/yzmdkhg1iv08ffzwbxym5pxn3mjsn5x1-gofumpt-0.7.0",
              "default": true
            }
          ],
          "store_path": "/nix/store/yzmdkhg1iv08ffzwbxym5pxn3mjsn5x1-gofumpt-0.7.0"
        }
      }
    },
    "golangci-lint@1.63.4": {
      "last_modified": "2025-01-19T08:16:51Z",
      "resolved": "github:NixOS/nixpkgs/50165c4f7eb48ce82bd063e1fb8047a0f515f8ce#golangci-lint",
      "source": "devbox-search",
      "version": "1.63.4",
      "systems": {
        "aarch64-darwin": {
          "outputs": [
            {
              "name": "out",
              "path": "/nix/store/p81vg4szd85xb1m5r17fn6h2cd433xv9-golangci-lint-1.63.4",
              "default": true
            }
          ],
          "store_path": "/nix/store/p81vg4szd85xb1m5r17fn6h2cd433xv9-golangci-lint-1.63.4"
        },
        "aarch64-linux": {
          "outputs": [
            {
              "name": "out",
              "path": "/nix/store/45k8x4b0ygqwpf7di7rcglxsz8ykxz9z-golangci-lint-1.63.4",
              "default": true
            }
          ],
          "store_path": "/nix/store/45k8x4b0ygqwpf7di7rcglxsz8ykxz9z-golangci-lint-1.63.4"
        },
        "x86_64-darwin": {
          "outputs": [
            {
              "name": "out",
              "path": "/nix/store/2xslqh1iyjbhwyynxw09ygfaxzfhmakp-golangci-lint-1.63.4",
              "default": true
            }
          ],
          "store_path": "/nix/store/2xslqh1iyjbhwyynxw09ygfaxzfhmakp-golangci-lint-1.63.4"
        },
        "x86_64-linux": {
          "outputs": [
            {
              "name": "out",
              "path": "/nix/store/71a493qsawf2gsh3s31zsbrw5pg8psmc-golangci-lint-1.63.4",
              "default": true
            }
          ],
          "store_path": "/nix/store/71a493qsawf2gsh3s31zsbrw5pg8psmc-golangci-lint-1.63.4"
        }
      }
    },
    "golines@latest": {
      "last_modified": "2025-01-19T08:16:51Z",
      "resolved": "github:NixOS/nixpkgs/50165c4f7eb48ce82bd063e1fb8047a0f515f8ce#golines",
      "source": "devbox-search",
      "version": "0.12.2",
      "systems": {
        "aarch64-darwin": {
          "outputs": [
            {
              "name": "out",
              "path": "/nix/store/j7f5yj2q07vw1jzgn4gqlaz74dg8c2rj-golines-0.12.2",
              "default": true
            }
          ],
          "store_path": "/nix/store/j7f5yj2q07vw1jzgn4gqlaz74dg8c2rj-golines-0.12.2"
        },
        "aarch64-linux": {
          "outputs": [
            {
              "name": "out",
              "path": "/nix/store/s2r29b8wxa98lv8334jd1q24nq6ipaix-golines-0.12.2",
              "default": true
            }
          ],
          "store_path": "/nix/store/s2r29b8wxa98lv8334jd1q24nq6ipaix-golines-0.12.2"
        },
        "x86_64-darwin": {
          "outputs": [
            {
              "name": "out",
              "path": "/nix/store/33ybn8q0ry3wnrwczd8zwnz37l9p83zn-golines-0.12.2",
              "default": true
            }
          ],
          "store_path": "/nix/store/33ybn8q0ry3wnrwczd8zwnz37l9p83zn-golines-0.12.2"
        },
        "x86_64-linux": {
          "outputs": [
            {
              "name": "out",
              "path": "/nix/store/46r6pzh2k9a9fqsmfswgbwwly42h6q5w-golines-0.12.2",
              "default": true
            }
          ],
          "store_path": "/nix/store/46r6pzh2k9a9fqsmfswgbwwly42h6q5w-golines-0.12.2"
        }
      }
    }
  }
}
